
Microsoft Visual Studio Solution File, Format Version 12.00
# Visual Studio 15
VisualStudioVersion = 15.0.27130.2010
MinimumVisualStudioVersion = 10.0.40219.1
Project("{FAE04EC0-301F-11D3-BF4B-00C04F79EFBC}") = "IdentityDemonstration", "IdentityDemonstration\IdentityDemonstration.csproj", "{F8B59FAE-5EDE-489F-90AB-D800AF3C9887}"
EndProject
Global
	GlobalSection(SolutionConfigurationPlatforms) = preSolution
		Debug|Any CPU = Debug|Any CPU
		Release|Any CPU = Release|Any CPU
	EndGlobalSection
	GlobalSection(ProjectConfigurationPlatforms) = postSolution
		{F8B59FAE-5EDE-489F-90AB-D800AF3C9887}.Debug|Any CPU.ActiveCfg = Debug|Any CPU
		{F8B59FAE-5EDE-489F-90AB-D800AF3C9887}.Debug|Any CPU.Build.0 = Debug|Any CPU
		{F8B59FAE-5EDE-489F-90AB-D800AF3C9887}.Release|Any CPU.ActiveCfg = Release|Any CPU
		{F8B59FAE-5EDE-489F-90AB-D800AF3C9887}.Release|Any CPU.Build.0 = Release|Any CPU
	EndGlobalSection
	GlobalSection(SolutionProperties) = preSolution
		HideSolutionNode = FALSE
	EndGlobalSection
	GlobalSection(ExtensibilityGlobals) = postSolution
		SolutionGuid = {4D92349A-3C7E-4933-9A12-8BEE57214D45}
	EndGlobalSection
EndGlobal
